
Microsoft Visual Studio Solution File, Format Version 12.00
# Visual Studio Version 16
VisualStudioVersion = 16.0.29409.12
MinimumVisualStudioVersion = 10.0.40219.1
Project("{9A19103F-16F7-4668-BE54-9A1E7A4F7556}") = "FudanFPGA.CrossUI", "FudanFPGA.CrossUI\FudanFPGA.CrossUI.csproj", "{36E7CB1B-7E20-494B-85CC-323F88B3CE01}"
EndProject
Project("{9A19103F-16F7-4668-BE54-9A1E7A4F7556}") = "FudanFPGA.WinUI.WPF", "FudanFPGA.WinUI.WPF\FudanFPGA.WinUI.WPF.csproj", "{0F866CF8-0DFF-428A-BA43-0A82EA224D4E}"
EndProject
Project("{FAE04EC0-301F-11D3-BF4B-00C04F79EFBC}") = "FudanFPGA.WinUI.UWP", "FudanFPGA.WinUI.UWP\FudanFPGA.WinUI.UWP.csproj", "{DAFC33C9-6F42-4A90-A806-BB7177AECE32}"
EndProject
Project("{9A19103F-16F7-4668-BE54-9A1E7A4F7556}") = "FudanFPGA.Common", "FudanFPGA.Common\FudanFPGA.Common.csproj", "{4B9C3F45-D566-4967-BEFB-74B6DCA4EF9C}"
EndProject
Project("{9A19103F-16F7-4668-BE54-9A1E7A4F7556}") = "FudanFPGA.CrossUI.Web", "FudanFPGA.CrossUI.Web\FudanFPGA.CrossUI.Web.csproj", "{643A6A48-6BB6-4AB9-BFDA-B7EA4B1D03B9}"
EndProject
Project("{9A19103F-16F7-4668-BE54-9A1E7A4F7556}") = "FudanFPGA.Test", "FudanFPGA.Test\FudanFPGA.Test.csproj", "{44F40CB6-8C12-46A3-BDE8-C91C99437BC4}"
EndProject
Global
	GlobalSection(SolutionConfigurationPlatforms) = preSolution
		Debug|Any CPU = Debug|Any CPU
		Debug|ARM = Debug|ARM
		Debug|ARM64 = Debug|ARM64
		Debug|x64 = Debug|x64
		Debug|x86 = Debug|x86
		Release|Any CPU = Release|Any CPU
		Release|ARM = Release|ARM
		Release|ARM64 = Release|ARM64
		Release|x64 = Release|x64
		Release|x86 = Release|x86
	EndGlobalSection
	GlobalSection(ProjectConfigurationPlatforms) = postSolution
		{36E7CB1B-7E20-494B-85CC-323F88B3CE01}.Debug|Any CPU.ActiveCfg = Debug|Any CPU
		{36E7CB1B-7E20-494B-85CC-323F88B3CE01}.Debug|Any CPU.Build.0 = Debug|Any CPU
		{36E7CB1B-7E20-494B-85CC-323F88B3CE01}.Debug|ARM.ActiveCfg = Debug|Any CPU
		{36E7CB1B-7E20-494B-85CC-323F88B3CE01}.Debug|ARM.Build.0 = Debug|Any CPU
		{36E7CB1B-7E20-494B-85CC-323F88B3CE01}.Debug|ARM64.ActiveCfg = Debug|Any CPU
		{36E7CB1B-7E20-494B-85CC-323F88B3CE01}.Debug|ARM64.Build.0 = Debug|Any CPU
		{36E7CB1B-7E20-494B-85CC-323F88B3CE01}.Debug|x64.ActiveCfg = Debug|Any CPU
		{36E7CB1B-7E20-494B-85CC-323F88B3CE01}.Debug|x64.Build.0 = Debug|Any CPU
		{36E7CB1B-7E20-494B-85CC-323F88B3CE01}.Debug|x86.ActiveCfg = Debug|Any CPU
		{36E7CB1B-7E20-494B-85CC-323F88B3CE01}.Debug|x86.Build.0 = Debug|Any CPU
		{36E7CB1B-7E20-494B-85CC-323F88B3CE01}.Release|Any CPU.ActiveCfg = Release|Any CPU
		{36E7CB1B-7E20-494B-85CC-323F88B3CE01}.Release|Any CPU.Build.0 = Release|Any CPU
		{36E7CB1B-7E20-494B-85CC-323F88B3CE01}.Release|ARM.ActiveCfg = Release|Any CPU
		{36E7CB1B-7E20-494B-85CC-323F88B3CE01}.Release|ARM.Build.0 = Release|Any CPU
		{36E7CB1B-7E20-494B-85CC-323F88B3CE01}.Release|ARM64.ActiveCfg = Release|Any CPU
		{36E7CB1B-7E20-494B-85CC-323F88B3CE01}.Release|ARM64.Build.0 = Release|Any CPU
		{36E7CB1B-7E20-494B-85CC-323F88B3CE01}.Release|x64.ActiveCfg = Release|Any CPU
		{36E7CB1B-7E20-494B-85CC-323F88B3CE01}.Release|x64.Build.0 = Release|Any CPU
		{36E7CB1B-7E20-494B-85CC-323F88B3CE01}.Release|x86.ActiveCfg = Release|Any CPU
		{36E7CB1B-7E20-494B-85CC-323F88B3CE01}.Release|x86.Build.0 = Release|Any CPU
		{0F866CF8-0DFF-428A-BA43-0A82EA224D4E}.Debug|Any CPU.ActiveCfg = Debug|Any CPU
		{0F866CF8-0DFF-428A-BA43-0A82EA224D4E}.Debug|Any CPU.Build.0 = Debug|Any CPU
		{0F866CF8-0DFF-428A-BA43-0A82EA224D4E}.Debug|ARM.ActiveCfg = Debug|Any CPU
		{0F866CF8-0DFF-428A-BA43-0A82EA224D4E}.Debug|ARM.Build.0 = Debug|Any CPU
		{0F866CF8-0DFF-428A-BA43-0A82EA224D4E}.Debug|ARM64.ActiveCfg = Debug|Any CPU
		{0F866CF8-0DFF-428A-BA43-0A82EA224D4E}.Debug|ARM64.Build.0 = Debug|Any CPU
		{0F866CF8-0DFF-428A-BA43-0A82EA224D4E}.Debug|x64.ActiveCfg = Debug|Any CPU
		{0F866CF8-0DFF-428A-BA43-0A82EA224D4E}.Debug|x64.Build.0 = Debug|Any CPU
		{0F866CF8-0DFF-428A-BA43-0A82EA224D4E}.Debug|x86.ActiveCfg = Debug|Any CPU
		{0F866CF8-0DFF-428A-BA43-0A82EA224D4E}.Debug|x86.Build.0 = Debug|Any CPU
		{0F866CF8-0DFF-428A-BA43-0A82EA224D4E}.Release|Any CPU.ActiveCfg = Release|Any CPU
		{0F866CF8-0DFF-428A-BA43-0A82EA224D4E}.Release|Any CPU.Build.0 = Release|Any CPU
		{0F866CF8-0DFF-428A-BA43-0A82EA224D4E}.Release|ARM.ActiveCfg = Release|Any CPU
		{0F866CF8-0DFF-428A-BA43-0A82EA224D4E}.Release|ARM.Build.0 = Release|Any CPU
		{0F866CF8-0DFF-428A-BA43-0A82EA224D4E}.Release|ARM64.ActiveCfg = Release|Any CPU
		{0F866CF8-0DFF-428A-BA43-0A82EA224D4E}.Release|ARM64.Build.0 = Release|Any CPU
		{0F866CF8-0DFF-428A-BA43-0A82EA224D4E}.Release|x64.ActiveCfg = Release|Any CPU
		{0F866CF8-0DFF-428A-BA43-0A82EA224D4E}.Release|x64.Build.0 = Release|Any CPU
		{0F866CF8-0DFF-428A-BA43-0A82EA224D4E}.Release|x86.ActiveCfg = Release|Any CPU
		{0F866CF8-0DFF-428A-BA43-0A82EA224D4E}.Release|x86.Build.0 = Release|Any CPU
		{DAFC33C9-6F42-4A90-A806-BB7177AECE32}.Debug|Any CPU.ActiveCfg = Debug|x86
		{DAFC33C9-6F42-4A90-A806-BB7177AECE32}.Debug|ARM.ActiveCfg = Debug|ARM
		{DAFC33C9-6F42-4A90-A806-BB7177AECE32}.Debug|ARM.Build.0 = Debug|ARM
		{DAFC33C9-6F42-4A90-A806-BB7177AECE32}.Debug|ARM.Deploy.0 = Debug|ARM
		{DAFC33C9-6F42-4A90-A806-BB7177AECE32}.Debug|ARM64.ActiveCfg = Debug|ARM64
		{DAFC33C9-6F42-4A90-A806-BB7177AECE32}.Debug|ARM64.Build.0 = Debug|ARM64
		{DAFC33C9-6F42-4A90-A806-BB7177AECE32}.Debug|ARM64.Deploy.0 = Debug|ARM64
		{DAFC33C9-6F42-4A90-A806-BB7177AECE32}.Debug|x64.ActiveCfg = Debug|x64
		{DAFC33C9-6F42-4A90-A806-BB7177AECE32}.Debug|x64.Build.0 = Debug|x64
		{DAFC33C9-6F42-4A90-A806-BB7177AECE32}.Debug|x64.Deploy.0 = Debug|x64
		{DAFC33C9-6F42-4A90-A806-BB7177AECE32}.Debug|x86.ActiveCfg = Debug|x86
		{DAFC33C9-6F42-4A90-A806-BB7177AECE32}.Debug|x86.Build.0 = Debug|x86
		{DAFC33C9-6F42-4A90-A806-BB7177AECE32}.Debug|x86.Deploy.0 = Debug|x86
		{DAFC33C9-6F42-4A90-A806-BB7177AECE32}.Release|Any CPU.ActiveCfg = Release|x86
		{DAFC33C9-6F42-4A90-A806-BB7177AECE32}.Release|ARM.ActiveCfg = Release|ARM
		{DAFC33C9-6F42-4A90-A806-BB7177AECE32}.Release|ARM.Build.0 = Release|ARM
		{DAFC33C9-6F42-4A90-A806-BB7177AECE32}.Release|ARM.Deploy.0 = Release|ARM
		{DAFC33C9-6F42-4A90-A806-BB7177AECE32}.Release|ARM64.ActiveCfg = Release|ARM64
		{DAFC33C9-6F42-4A90-A806-BB7177AECE32}.Release|ARM64.Build.0 = Release|ARM64
		{DAFC33C9-6F42-4A90-A806-BB7177AECE32}.Release|ARM64.Deploy.0 = Release|ARM64
		{DAFC33C9-6F42-4A90-A806-BB7177AECE32}.Release|x64.ActiveCfg = Release|x64
		{DAFC33C9-6F42-4A90-A806-BB7177AECE32}.Release|x64.Build.0 = Release|x64
		{DAFC33C9-6F42-4A90-A806-BB7177AECE32}.Release|x64.Deploy.0 = Release|x64
		{DAFC33C9-6F42-4A90-A806-BB7177AECE32}.Release|x86.ActiveCfg = Release|x86
		{DAFC33C9-6F42-4A90-A806-BB7177AECE32}.Release|x86.Build.0 = Release|x86
		{DAFC33C9-6F42-4A90-A806-BB7177AECE32}.Release|x86.Deploy.0 = Release|x86
		{4B9C3F45-D566-4967-BEFB-74B6DCA4EF9C}.Debug|Any CPU.ActiveCfg = Debug|Any CPU
		{4B9C3F45-D566-4967-BEFB-74B6DCA4EF9C}.Debug|Any CPU.Build.0 = Debug|Any CPU
		{4B9C3F45-D566-4967-BEFB-74B6DCA4EF9C}.Debug|ARM.ActiveCfg = Debug|Any CPU
		{4B9C3F45-D566-4967-BEFB-74B6DCA4EF9C}.Debug|ARM.Build.0 = Debug|Any CPU
		{4B9C3F45-D566-4967-BEFB-74B6DCA4EF9C}.Debug|ARM64.ActiveCfg = Debug|Any CPU
		{4B9C3F45-D566-4967-BEFB-74B6DCA4EF9C}.Debug|ARM64.Build.0 = Debug|Any CPU
		{4B9C3F45-D566-4967-BEFB-74B6DCA4EF9C}.Debug|x64.ActiveCfg = Debug|Any CPU
		{4B9C3F45-D566-4967-BEFB-74B6DCA4EF9C}.Debug|x64.Build.0 = Debug|Any CPU
		{4B9C3F45-D566-4967-BEFB-74B6DCA4EF9C}.Debug|x86.ActiveCfg = Debug|Any CPU
		{4B9C3F45-D566-4967-BEFB-74B6DCA4EF9C}.Debug|x86.Build.0 = Debug|Any CPU
		{4B9C3F45-D566-4967-BEFB-74B6DCA4EF9C}.Release|Any CPU.ActiveCfg = Release|Any CPU
		{4B9C3F45-D566-4967-BEFB-74B6DCA4EF9C}.Release|Any CPU.Build.0 = Release|Any CPU
		{4B9C3F45-D566-4967-BEFB-74B6DCA4EF9C}.Release|ARM.ActiveCfg = Release|Any CPU
		{4B9C3F45-D566-4967-BEFB-74B6DCA4EF9C}.Release|ARM.Build.0 = Release|Any CPU
		{4B9C3F45-D566-4967-BEFB-74B6DCA4EF9C}.Release|ARM64.ActiveCfg = Release|Any CPU
		{4B9C3F45-D566-4967-BEFB-74B6DCA4EF9C}.Release|ARM64.Build.0 = Release|Any CPU
		{4B9C3F45-D566-4967-BEFB-74B6DCA4EF9C}.Release|x64.ActiveCfg = Release|Any CPU
		{4B9C3F45-D566-4967-BEFB-74B6DCA4EF9C}.Release|x64.Build.0 = Release|Any CPU
		{4B9C3F45-D566-4967-BEFB-74B6DCA4EF9C}.Release|x86.ActiveCfg = Release|Any CPU
		{4B9C3F45-D566-4967-BEFB-74B6DCA4EF9C}.Release|x86.Build.0 = Release|Any CPU
		{643A6A48-6BB6-4AB9-BFDA-B7EA4B1D03B9}.Debug|Any CPU.ActiveCfg = Debug|Any CPU
		{643A6A48-6BB6-4AB9-BFDA-B7EA4B1D03B9}.Debug|Any CPU.Build.0 = Debug|Any CPU
		{643A6A48-6BB6-4AB9-BFDA-B7EA4B1D03B9}.Debug|ARM.ActiveCfg = Debug|Any CPU
		{643A6A48-6BB6-4AB9-BFDA-B7EA4B1D03B9}.Debug|ARM.Build.0 = Debug|Any CPU
		{643A6A48-6BB6-4AB9-BFDA-B7EA4B1D03B9}.Debug|ARM64.ActiveCfg = Debug|Any CPU
		{643A6A48-6BB6-4AB9-BFDA-B7EA4B1D03B9}.Debug|ARM64.Build.0 = Debug|Any CPU
		{643A6A48-6BB6-4AB9-BFDA-B7EA4B1D03B9}.Debug|x64.ActiveCfg = Debug|Any CPU
		{643A6A48-6BB6-4AB9-BFDA-B7EA4B1D03B9}.Debug|x64.Build.0 = Debug|Any CPU
		{643A6A48-6BB6-4AB9-BFDA-B7EA4B1D03B9}.Debug|x86.ActiveCfg = Debug|Any CPU
		{643A6A48-6BB6-4AB9-BFDA-B7EA4B1D03B9}.Debug|x86.Build.0 = Debug|Any CPU
		{643A6A48-6BB6-4AB9-BFDA-B7EA4B1D03B9}.Release|Any CPU.ActiveCfg = Release|Any CPU
		{643A6A48-6BB6-4AB9-BFDA-B7EA4B1D03B9}.Release|Any CPU.Build.0 = Release|Any CPU
		{643A6A48-6BB6-4AB9-BFDA-B7EA4B1D03B9}.Release|ARM.ActiveCfg = Release|Any CPU
		{643A6A48-6BB6-4AB9-BFDA-B7EA4B1D03B9}.Release|ARM.Build.0 = Release|Any CPU
		{643A6A48-6BB6-4AB9-BFDA-B7EA4B1D03B9}.Release|ARM64.ActiveCfg = Release|Any CPU
		{643A6A48-6BB6-4AB9-BFDA-B7EA4B1D03B9}.Release|ARM64.Build.0 = Release|Any CPU
		{643A6A48-6BB6-4AB9-BFDA-B7EA4B1D03B9}.Release|x64.ActiveCfg = Release|Any CPU
		{643A6A48-6BB6-4AB9-BFDA-B7EA4B1D03B9}.Release|x64.Build.0 = Release|Any CPU
		{643A6A48-6BB6-4AB9-BFDA-B7EA4B1D03B9}.Release|x86.ActiveCfg = Release|Any CPU
		{643A6A48-6BB6-4AB9-BFDA-B7EA4B1D03B9}.Release|x86.Build.0 = Release|Any CPU
		{44F40CB6-8C12-46A3-BDE8-C91C99437BC4}.Debug|Any CPU.ActiveCfg = Debug|Any CPU
		{44F40CB6-8C12-46A3-BDE8-C91C99437BC4}.Debug|Any CPU.Build.0 = Debug|Any CPU
		{44F40CB6-8C12-46A3-BDE8-C91C99437BC4}.Debug|ARM.ActiveCfg = Debug|Any CPU
		{44F40CB6-8C12-46A3-BDE8-C91C99437BC4}.Debug|ARM.Build.0 = Debug|Any CPU
		{44F40CB6-8C12-46A3-BDE8-C91C99437BC4}.Debug|ARM64.ActiveCfg = Debug|Any CPU
		{44F40CB6-8C12-46A3-BDE8-C91C99437BC4}.Debug|ARM64.Build.0 = Debug|Any CPU
		{44F40CB6-8C12-46A3-BDE8-C91C99437BC4}.Debug|x64.ActiveCfg = Debug|Any CPU
		{44F40CB6-8C12-46A3-BDE8-C91C99437BC4}.Debug|x64.Build.0 = Debug|Any CPU
		{44F40CB6-8C12-46A3-BDE8-C91C99437BC4}.Debug|x86.ActiveCfg = Debug|Any CPU
		{44F40CB6-8C12-46A3-BDE8-C91C99437BC4}.Debug|x86.Build.0 = Debug|Any CPU
		{44F40CB6-8C12-46A3-BDE8-C91C99437BC4}.Release|Any CPU.ActiveCfg = Release|Any CPU
		{44F40CB6-8C12-46A3-BDE8-C91C99437BC4}.Release|Any CPU.Build.0 = Release|Any CPU
		{44F40CB6-8C12-46A3-BDE8-C91C99437BC4}.Release|ARM.ActiveCfg = Release|Any CPU
		{44F40CB6-8C12-46A3-BDE8-C91C99437BC4}.Release|ARM.Build.0 = Release|Any CPU
		{44F40CB6-8C12-46A3-BDE8-C91C99437BC4}.Release|ARM64.ActiveCfg = Release|Any CPU
		{44F40CB6-8C12-46A3-BDE8-C91C99437BC4}.Release|ARM64.Build.0 = Release|Any CPU
		{44F40CB6-8C12-46A3-BDE8-C91C99437BC4}.Release|x64.ActiveCfg = Release|Any CPU
		{44F40CB6-8C12-46A3-BDE8-C91C99437BC4}.Release|x64.Build.0 = Release|Any CPU
		{44F40CB6-8C12-46A3-BDE8-C91C99437BC4}.Release|x86.ActiveCfg = Release|Any CPU
		{44F40CB6-8C12-46A3-BDE8-C91C99437BC4}.Release|x86.Build.0 = Release|Any CPU
	EndGlobalSection
	GlobalSection(SolutionProperties) = preSolution
		HideSolutionNode = FALSE
	EndGlobalSection
	GlobalSection(ExtensibilityGlobals) = postSolution
		SolutionGuid = {13207E68-D09C-4E62-8050-A927250F11F2}
	EndGlobalSection
EndGlobal
